
Microsoft Visual Studio Solution File, Format Version 12.00
# Visual Studio Version 17
VisualStudioVersion = 17.3.32708.82
MinimumVisualStudioVersion = 10.0.40219.1
Project("{9A19103F-16F7-4668-BE54-9A1E7A4F7556}") = "PlanetDotnet.Server", "Server\PlanetDotnet.Server.csproj", "{F96CC3F0-EE11-49B5-83D7-1701A1D765C9}"
EndProject
Project("{9A19103F-16F7-4668-BE54-9A1E7A4F7556}") = "PlanetDotnet.Client", "Client\PlanetDotnet.Client.csproj", "{03C95D29-BA41-47BE-9EDF-569C8660C8B0}"
EndProject
Global
	GlobalSection(SolutionConfigurationPlatforms) = preSolution
		Debug|Any CPU = Debug|Any CPU
		Release|Any CPU = Release|Any CPU
	EndGlobalSection
	GlobalSection(ProjectConfigurationPlatforms) = postSolution
		{F96CC3F0-EE11-49B5-83D7-1701A1D765C9}.Debug|Any CPU.ActiveCfg = Debug|Any CPU
		{F96CC3F0-EE11-49B5-83D7-1701A1D765C9}.Debug|Any CPU.Build.0 = Debug|Any CPU
		{F96CC3F0-EE11-49B5-83D7-1701A1D765C9}.Release|Any CPU.ActiveCfg = Release|Any CPU
		{F96CC3F0-EE11-49B5-83D7-1701A1D765C9}.Release|Any CPU.Build.0 = Release|Any CPU
		{03C95D29-BA41-47BE-9EDF-569C8660C8B0}.Debug|Any CPU.ActiveCfg = Debug|Any CPU
		{03C95D29-BA41-47BE-9EDF-569C8660C8B0}.Debug|Any CPU.Build.0 = Debug|Any CPU
		{03C95D29-BA41-47BE-9EDF-569C8660C8B0}.Release|Any CPU.ActiveCfg = Release|Any CPU
		{03C95D29-BA41-47BE-9EDF-569C8660C8B0}.Release|Any CPU.Build.0 = Release|Any CPU
	EndGlobalSection
	GlobalSection(SolutionProperties) = preSolution
		HideSolutionNode = FALSE
	EndGlobalSection
	GlobalSection(ExtensibilityGlobals) = postSolution
		SolutionGuid = {A0B67B80-E316-4398-8840-A4A91F35E148}
	EndGlobalSection
EndGlobal
